
Microsoft Visual Studio Solution File, Format Version 12.00
# Visual Studio 15
VisualStudioVersion = 15.0.27703.2035
MinimumVisualStudioVersion = 10.0.40219.1
Project("{FAE04EC0-301F-11D3-BF4B-00C04F79EFBC}") = "MvcMovie", "MvcMovie\MvcMovie.csproj", "{6896B3CF-6793-41CB-AB62-D64F45507823}"
EndProject
Global
	GlobalSection(SolutionConfigurationPlatforms) = preSolution
		Debug|Any CPU = Debug|Any CPU
		Release|Any CPU = Release|Any CPU
	EndGlobalSection
	GlobalSection(ProjectConfigurationPlatforms) = postSolution
		{6896B3CF-6793-41CB-AB62-D64F45507823}.Debug|Any CPU.ActiveCfg = Debug|Any CPU
		{6896B3CF-6793-41CB-AB62-D64F45507823}.Debug|Any CPU.Build.0 = Debug|Any CPU
		{6896B3CF-6793-41CB-AB62-D64F45507823}.Release|Any CPU.ActiveCfg = Release|Any CPU
		{6896B3CF-6793-41CB-AB62-D64F45507823}.Release|Any CPU.Build.0 = Release|Any CPU
	EndGlobalSection
	GlobalSection(SolutionProperties) = preSolution
		HideSolutionNode = FALSE
	EndGlobalSection
	GlobalSection(ExtensibilityGlobals) = postSolution
		SolutionGuid = {D9335811-A7CB-4D86-AC14-704D436C2208}
	EndGlobalSection
EndGlobal
